# THIS IS AN AUTOGENERATED FILE. DO NOT EDIT THIS FILE DIRECTLY.
# yarn lockfile v1


native-event-bus@^1.0.0:
  version "1.0.0"
  resolved "https://registry.npm.taobao.org/native-event-bus/download/native-event-bus-1.0.0.tgz?cache=0&sync_timestamp=1611208728672&other_urls=https%3A%2F%2Fregistry.npm.taobao.org%2Fnative-event-bus%2Fdownload%2Fnative-event-bus-1.0.0.tgz#7a04740348786d76ffdf239b8127f64126f61ea1"
  integrity sha1-egR0A0h4bXb/3yObgSf2QSb2HqE=

typescript@^4.1.3:
  version "4.1.3"
  resolved "https://registry.npm.taobao.org/typescript/download/typescript-4.1.3.tgz#519d582bd94cba0cf8934c7d8e8467e473f53bb7"
  integrity sha1-UZ1YK9lMugz4k0x9joRn5HP1O7c=
